
Microsoft Visual Studio Solution File, Format Version 12.00
# Visual Studio Version 16
VisualStudioVersion = 16.0.30413.136
MinimumVisualStudioVersion = 10.0.40219.1
Project("{9A19103F-16F7-4668-BE54-9A1E7A4F7556}") = "LiquerStore.Web", "LiquerStore.Web\LiquerStore.Web.csproj", "{7EBF3502-19B7-4F00-880D-FEDA0E82A31E}"
EndProject
Project("{9A19103F-16F7-4668-BE54-9A1E7A4F7556}") = "LiquerStore.Classes", "LiquerStore.Classes\LiquerStore.Classes.csproj", "{84C3F36A-C2EC-4520-8F1E-774E7A634B2B}"
EndProject
Project("{9A19103F-16F7-4668-BE54-9A1E7A4F7556}") = "LiquerStore.DAL", "LiquerStore.DAL\LiquerStore.DAL.csproj", "{4F23C633-969E-463B-812F-1776A39D6CE1}"
EndProject
Global
	GlobalSection(SolutionConfigurationPlatforms) = preSolution
		Debug|Any CPU = Debug|Any CPU
		Release|Any CPU = Release|Any CPU
	EndGlobalSection
	GlobalSection(ProjectConfigurationPlatforms) = postSolution
		{7EBF3502-19B7-4F00-880D-FEDA0E82A31E}.Debug|Any CPU.ActiveCfg = Debug|Any CPU
		{7EBF3502-19B7-4F00-880D-FEDA0E82A31E}.Debug|Any CPU.Build.0 = Debug|Any CPU
		{7EBF3502-19B7-4F00-880D-FEDA0E82A31E}.Release|Any CPU.ActiveCfg = Release|Any CPU
		{7EBF3502-19B7-4F00-880D-FEDA0E82A31E}.Release|Any CPU.Build.0 = Release|Any CPU
		{84C3F36A-C2EC-4520-8F1E-774E7A634B2B}.Debug|Any CPU.ActiveCfg = Debug|Any CPU
		{84C3F36A-C2EC-4520-8F1E-774E7A634B2B}.Debug|Any CPU.Build.0 = Debug|Any CPU
		{84C3F36A-C2EC-4520-8F1E-774E7A634B2B}.Release|Any CPU.ActiveCfg = Release|Any CPU
		{84C3F36A-C2EC-4520-8F1E-774E7A634B2B}.Release|Any CPU.Build.0 = Release|Any CPU
		{4F23C633-969E-463B-812F-1776A39D6CE1}.Debug|Any CPU.ActiveCfg = Debug|Any CPU
		{4F23C633-969E-463B-812F-1776A39D6CE1}.Debug|Any CPU.Build.0 = Debug|Any CPU
		{4F23C633-969E-463B-812F-1776A39D6CE1}.Release|Any CPU.ActiveCfg = Release|Any CPU
		{4F23C633-969E-463B-812F-1776A39D6CE1}.Release|Any CPU.Build.0 = Release|Any CPU
	EndGlobalSection
	GlobalSection(SolutionProperties) = preSolution
		HideSolutionNode = FALSE
	EndGlobalSection
	GlobalSection(ExtensibilityGlobals) = postSolution
		SolutionGuid = {ECBA473D-9736-45C2-BE1E-DA2436B0E1E6}
	EndGlobalSection
EndGlobal
